
Microsoft Visual Studio Solution File, Format Version 12.00
# Visual Studio Version 16
VisualStudioVersion = 16.0.31424.327
MinimumVisualStudioVersion = 10.0.40219.1
Project("{FAE04EC0-301F-11D3-BF4B-00C04F79EFBC}") = "BookMan.MVC", "BookMan.MVC\BookMan.MVC.csproj", "{BC86AB05-C32C-4795-A36E-979939862A96}"
EndProject
Global
	GlobalSection(SolutionConfigurationPlatforms) = preSolution
		Debug|Any CPU = Debug|Any CPU
		Release|Any CPU = Release|Any CPU
	EndGlobalSection
	GlobalSection(ProjectConfigurationPlatforms) = postSolution
		{BC86AB05-C32C-4795-A36E-979939862A96}.Debug|Any CPU.ActiveCfg = Debug|Any CPU
		{BC86AB05-C32C-4795-A36E-979939862A96}.Debug|Any CPU.Build.0 = Debug|Any CPU
		{BC86AB05-C32C-4795-A36E-979939862A96}.Release|Any CPU.ActiveCfg = Release|Any CPU
		{BC86AB05-C32C-4795-A36E-979939862A96}.Release|Any CPU.Build.0 = Release|Any CPU
	EndGlobalSection
	GlobalSection(SolutionProperties) = preSolution
		HideSolutionNode = FALSE
	EndGlobalSection
	GlobalSection(ExtensibilityGlobals) = postSolution
		SolutionGuid = {3ACF0D71-7ABB-444E-B1C4-20293C43E455}
	EndGlobalSection
EndGlobal
